
Microsoft Visual Studio Solution File, Format Version 12.00
# Visual Studio Version 16
VisualStudioVersion = 16.0.31702.278
MinimumVisualStudioVersion = 10.0.40219.1
Project("{9A19103F-16F7-4668-BE54-9A1E7A4F7556}") = "LetterGenerator", "LetterGenerator.csproj", "{E3AD5EC6-8440-4063-81D4-A6D7CE87C77C}"
EndProject
Project("{54435603-DBB4-11D2-8724-00A0C9A8B90C}") = "LetterGeneratorSetup", "..\LetterGeneratorSetup\LetterGeneratorSetup.vdproj", "{4BEF3DDE-0845-4B27-BEE9-0D5E091B3DDD}"
EndProject
Global
	GlobalSection(SolutionConfigurationPlatforms) = preSolution
		Debug|Any CPU = Debug|Any CPU
		Release|Any CPU = Release|Any CPU
	EndGlobalSection
	GlobalSection(ProjectConfigurationPlatforms) = postSolution
		{E3AD5EC6-8440-4063-81D4-A6D7CE87C77C}.Debug|Any CPU.ActiveCfg = Release|Any CPU
		{E3AD5EC6-8440-4063-81D4-A6D7CE87C77C}.Debug|Any CPU.Build.0 = Release|Any CPU
		{E3AD5EC6-8440-4063-81D4-A6D7CE87C77C}.Release|Any CPU.ActiveCfg = Release|Any CPU
		{E3AD5EC6-8440-4063-81D4-A6D7CE87C77C}.Release|Any CPU.Build.0 = Release|Any CPU
		{4BEF3DDE-0845-4B27-BEE9-0D5E091B3DDD}.Debug|Any CPU.ActiveCfg = Debug
		{4BEF3DDE-0845-4B27-BEE9-0D5E091B3DDD}.Release|Any CPU.ActiveCfg = Release
	EndGlobalSection
	GlobalSection(SolutionProperties) = preSolution
		HideSolutionNode = FALSE
	EndGlobalSection
	GlobalSection(ExtensibilityGlobals) = postSolution
		SolutionGuid = {43379A85-C6E9-40AE-B2A7-D108EB7A95FC}
	EndGlobalSection
EndGlobal
